
Microsoft Visual Studio Solution File, Format Version 12.00
# Visual Studio 2012
Project("{FAE04EC0-301F-11D3-BF4B-00C04F79EFBC}") = "CarSalesProjectMVC", "CarSalesProjectMVC\CarSalesProjectMVC.csproj", "{1A7B7A99-F0B2-4926-A506-5B5093DD636B}"
EndProject
Project("{2150E333-8FDC-42A3-9474-1A3956D46DE8}") = ".nuget", ".nuget", "{CE6DC89C-D81E-4088-BEB5-12974DF711F0}"
	ProjectSection(SolutionItems) = preProject
		.nuget\NuGet.Config = .nuget\NuGet.Config
		.nuget\NuGet.exe = .nuget\NuGet.exe
		.nuget\NuGet.targets = .nuget\NuGet.targets
	EndProjectSection
EndProject
Project("{FAE04EC0-301F-11D3-BF4B-00C04F79EFBC}") = "CarSalesCompanyModels", "CarSalesCompanyModels\CarSalesCompanyModels.csproj", "{EEBED909-73D0-4A51-AE05-E32A2B2EB359}"
EndProject
Global
	GlobalSection(SolutionConfigurationPlatforms) = preSolution
		Debug|Any CPU = Debug|Any CPU
		Release|Any CPU = Release|Any CPU
	EndGlobalSection
	GlobalSection(ProjectConfigurationPlatforms) = postSolution
		{1A7B7A99-F0B2-4926-A506-5B5093DD636B}.Debug|Any CPU.ActiveCfg = Debug|Any CPU
		{1A7B7A99-F0B2-4926-A506-5B5093DD636B}.Debug|Any CPU.Build.0 = Debug|Any CPU
		{1A7B7A99-F0B2-4926-A506-5B5093DD636B}.Release|Any CPU.ActiveCfg = Release|Any CPU
		{1A7B7A99-F0B2-4926-A506-5B5093DD636B}.Release|Any CPU.Build.0 = Release|Any CPU
		{EEBED909-73D0-4A51-AE05-E32A2B2EB359}.Debug|Any CPU.ActiveCfg = Debug|Any CPU
		{EEBED909-73D0-4A51-AE05-E32A2B2EB359}.Debug|Any CPU.Build.0 = Debug|Any CPU
		{EEBED909-73D0-4A51-AE05-E32A2B2EB359}.Release|Any CPU.ActiveCfg = Release|Any CPU
		{EEBED909-73D0-4A51-AE05-E32A2B2EB359}.Release|Any CPU.Build.0 = Release|Any CPU
	EndGlobalSection
	GlobalSection(SolutionProperties) = preSolution
		HideSolutionNode = FALSE
	EndGlobalSection
EndGlobal
